Microsoft Visual Studio Solution File, Format Version 12.00
# Visual Studio Version 17
VisualStudioVersion = 17.5.2.0
MinimumVisualStudioVersion = 10.0.40219.1
Project("{FAE04EC0-301F-11D3-BF4B-00C04F79EFBC}") = "simple-crud-api", "simple-crud-api\simple-crud-api.csproj", "{759A1ADE-7765-A297-046C-45E7B6F35A01}"
EndProject
Global
	GlobalSection(SolutionConfigurationPlatforms) = preSolution
		Debug|Any CPU = Debug|Any CPU
		Release|Any CPU = Release|Any CPU
	EndGlobalSection
	GlobalSection(ProjectConfigurationPlatforms) = postSolution
		{759A1ADE-7765-A297-046C-45E7B6F35A01}.Debug|Any CPU.ActiveCfg = Debug|Any CPU
		{759A1ADE-7765-A297-046C-45E7B6F35A01}.Debug|Any CPU.Build.0 = Debug|Any CPU
		{759A1ADE-7765-A297-046C-45E7B6F35A01}.Release|Any CPU.ActiveCfg = Release|Any CPU
		{759A1ADE-7765-A297-046C-45E7B6F35A01}.Release|Any CPU.Build.0 = Release|Any CPU
	EndGlobalSection
	GlobalSection(SolutionProperties) = preSolution
		HideSolutionNode = FALSE
	EndGlobalSection
	GlobalSection(ExtensibilityGlobals) = postSolution
		SolutionGuid = {2F5ED0A4-0209-4126-9BF8-99A465F61755}
	EndGlobalSection
EndGlobal
